
Microsoft Visual Studio Solution File, Format Version 12.00
# Visual Studio 15
VisualStudioVersion = 15.0.28307.136
MinimumVisualStudioVersion = 10.0.40219.1
Project("{8BC9CEB8-8B4A-11D0-8D11-00A0C91BC942}") = "Sample Console", "Sample Console\Sample Console.vcxproj", "{27501775-624D-4260-B290-E694BB86BA43}"
EndProject
Project("{8BC9CEB8-8B4A-11D0-8D11-00A0C91BC942}") = "Sample DLL", "Sample DLL\Sample DLL.vcxproj", "{21A3CB93-1983-4F1A-8C48-32CFF18C7189}"
EndProject
Global
	GlobalSection(SolutionConfigurationPlatforms) = preSolution
		Debug|x64 = Debug|x64
		Debug|x86 = Debug|x86
		Release|x64 = Release|x64
		Release|x86 = Release|x86
	EndGlobalSection
	GlobalSection(ProjectConfigurationPlatforms) = postSolution
		{27501775-624D-4260-B290-E694BB86BA43}.Debug|x64.ActiveCfg = Debug|x64
		{27501775-624D-4260-B290-E694BB86BA43}.Debug|x64.Build.0 = Debug|x64
		{27501775-624D-4260-B290-E694BB86BA43}.Debug|x86.ActiveCfg = Debug|Win32
		{27501775-624D-4260-B290-E694BB86BA43}.Debug|x86.Build.0 = Debug|Win32
		{27501775-624D-4260-B290-E694BB86BA43}.Release|x64.ActiveCfg = Release|x64
		{27501775-624D-4260-B290-E694BB86BA43}.Release|x64.Build.0 = Release|x64
		{27501775-624D-4260-B290-E694BB86BA43}.Release|x86.ActiveCfg = Release|Win32
		{27501775-624D-4260-B290-E694BB86BA43}.Release|x86.Build.0 = Release|Win32
		{21A3CB93-1983-4F1A-8C48-32CFF18C7189}.Debug|x64.ActiveCfg = Debug|x64
		{21A3CB93-1983-4F1A-8C48-32CFF18C7189}.Debug|x64.Build.0 = Debug|x64
		{21A3CB93-1983-4F1A-8C48-32CFF18C7189}.Debug|x86.ActiveCfg = Debug|Win32
		{21A3CB93-1983-4F1A-8C48-32CFF18C7189}.Debug|x86.Build.0 = Debug|Win32
		{21A3CB93-1983-4F1A-8C48-32CFF18C7189}.Release|x64.ActiveCfg = Release|x64
		{21A3CB93-1983-4F1A-8C48-32CFF18C7189}.Release|x64.Build.0 = Release|x64
		{21A3CB93-1983-4F1A-8C48-32CFF18C7189}.Release|x86.ActiveCfg = Release|Win32
		{21A3CB93-1983-4F1A-8C48-32CFF18C7189}.Release|x86.Build.0 = Release|Win32
	EndGlobalSection
	GlobalSection(SolutionProperties) = preSolution
		HideSolutionNode = FALSE
	EndGlobalSection
	GlobalSection(ExtensibilityGlobals) = postSolution
		SolutionGuid = {28163C2D-7ED9-478A-9669-E09011A5514B}
	EndGlobalSection
EndGlobal
